
Microsoft Visual Studio Solution File, Format Version 12.00
# Visual Studio Version 17
VisualStudioVersion = 17.6.33723.286
MinimumVisualStudioVersion = 10.0.40219.1
Project("{FAE04EC0-301F-11D3-BF4B-00C04F79EFBC}") = "ExpenseTrackerAPI.CodeGen", "ExpenseTrackerAPI.CodeGen\ExpenseTrackerAPI.CodeGen.csproj", "{9637CF09-94C7-4651-80C7-F4E8C8400205}"
EndProject
Project("{9A19103F-16F7-4668-BE54-9A1E7A4F7556}") = "ExpenseTrackerAPI", "ExpenseTrackerAPI\ExpenseTrackerAPI.csproj", "{2EF9B67F-0626-45A5-B408-87224C9FA91B}"
EndProject
Global
	GlobalSection(SolutionConfigurationPlatforms) = preSolution
		Debug|Any CPU = Debug|Any CPU
		Release|Any CPU = Release|Any CPU
	EndGlobalSection
	GlobalSection(ProjectConfigurationPlatforms) = postSolution
		{9637CF09-94C7-4651-80C7-F4E8C8400205}.Debug|Any CPU.ActiveCfg = Debug|Any CPU
		{9637CF09-94C7-4651-80C7-F4E8C8400205}.Debug|Any CPU.Build.0 = Debug|Any CPU
		{9637CF09-94C7-4651-80C7-F4E8C8400205}.Release|Any CPU.ActiveCfg = Release|Any CPU
		{9637CF09-94C7-4651-80C7-F4E8C8400205}.Release|Any CPU.Build.0 = Release|Any CPU
		{2EF9B67F-0626-45A5-B408-87224C9FA91B}.Debug|Any CPU.ActiveCfg = Debug|Any CPU
		{2EF9B67F-0626-45A5-B408-87224C9FA91B}.Debug|Any CPU.Build.0 = Debug|Any CPU
		{2EF9B67F-0626-45A5-B408-87224C9FA91B}.Release|Any CPU.ActiveCfg = Release|Any CPU
		{2EF9B67F-0626-45A5-B408-87224C9FA91B}.Release|Any CPU.Build.0 = Release|Any CPU
	EndGlobalSection
	GlobalSection(SolutionProperties) = preSolution
		HideSolutionNode = FALSE
	EndGlobalSection
	GlobalSection(ExtensibilityGlobals) = postSolution
		SolutionGuid = {F1EF5398-7967-48F5-AA99-9D6CF51C6A04}
	EndGlobalSection
EndGlobal
