
Microsoft Visual Studio Solution File, Format Version 12.00
# Visual Studio Version 17
VisualStudioVersion = 17.6.33723.286
MinimumVisualStudioVersion = 10.0.40219.1
Project("{9A19103F-16F7-4668-BE54-9A1E7A4F7556}") = "ExpenseTrackerAPI", "ExpenseTrackerAPI\ExpenseTrackerAPI.csproj", "{290BF153-F856-4511-B07B-75BABC8BE738}"
EndProject
Project("{9A19103F-16F7-4668-BE54-9A1E7A4F7556}") = "ExpenseTrackerAPI.CodeGen", "ExpenseTrackerAPI.CodeGen\ExpenseTrackerAPI.CodeGen.csproj", "{BC75226A-DEC9-4FCD-B29E-B7FC1F661991}"
EndProject
Global
	GlobalSection(SolutionConfigurationPlatforms) = preSolution
		Debug|Any CPU = Debug|Any CPU
		Release|Any CPU = Release|Any CPU
	EndGlobalSection
	GlobalSection(ProjectConfigurationPlatforms) = postSolution
		{290BF153-F856-4511-B07B-75BABC8BE738}.Debug|Any CPU.ActiveCfg = Debug|Any CPU
		{290BF153-F856-4511-B07B-75BABC8BE738}.Debug|Any CPU.Build.0 = Debug|Any CPU
		{290BF153-F856-4511-B07B-75BABC8BE738}.Release|Any CPU.ActiveCfg = Release|Any CPU
		{290BF153-F856-4511-B07B-75BABC8BE738}.Release|Any CPU.Build.0 = Release|Any CPU
		{BC75226A-DEC9-4FCD-B29E-B7FC1F661991}.Debug|Any CPU.ActiveCfg = Debug|Any CPU
		{BC75226A-DEC9-4FCD-B29E-B7FC1F661991}.Debug|Any CPU.Build.0 = Debug|Any CPU
		{BC75226A-DEC9-4FCD-B29E-B7FC1F661991}.Release|Any CPU.ActiveCfg = Release|Any CPU
		{BC75226A-DEC9-4FCD-B29E-B7FC1F661991}.Release|Any CPU.Build.0 = Release|Any CPU
	EndGlobalSection
	GlobalSection(SolutionProperties) = preSolution
		HideSolutionNode = FALSE
	EndGlobalSection
	GlobalSection(ExtensibilityGlobals) = postSolution
		SolutionGuid = {F1EF5398-7967-48F5-AA99-9D6CF51C6A04}
	EndGlobalSection
EndGlobal
